
Microsoft Visual Studio Solution File, Format Version 12.00
# Visual Studio Version 17
VisualStudioVersion = 17.2.32519.379
MinimumVisualStudioVersion = 10.0.40219.1
Project("{9A19103F-16F7-4668-BE54-9A1E7A4F7556}") = "001.CountSameValuesInArray", "001.CountSameValuesInArray\001.CountSameValuesInArray.csproj", "{8AECB1C1-174B-4A24-BB09-030E17476E5E}"
EndProject
Project("{9A19103F-16F7-4668-BE54-9A1E7A4F7556}") = "002.AverageStudentGrades", "002.AverageStudentGrades\002.AverageStudentGrades.csproj", "{C9BE122A-548A-4929-B8E6-5F843AFC6484}"
EndProject
Project("{9A19103F-16F7-4668-BE54-9A1E7A4F7556}") = "003.LargestThreeNumbers", "003.LargestThreeNumbers\003.LargestThreeNumbers.csproj", "{839C362B-D229-4AF4-B2DE-0551A17E3FE3}"
EndProject
Project("{9A19103F-16F7-4668-BE54-9A1E7A4F7556}") = "004.ProductShop", "004.ProductShop\004.ProductShop.csproj", "{570F6B75-5CD7-4D9D-BE53-417393850A33}"
EndProject
Project("{9A19103F-16F7-4668-BE54-9A1E7A4F7556}") = "005.CitiesByContinentAndCountry", "005.CitiesByContinentAndCountry\005.CitiesByContinentAndCountry.csproj", "{976A31D2-6A18-42A4-B62E-243A6BD1BFF4}"
EndProject
Project("{FAE04EC0-301F-11D3-BF4B-00C04F79EFBC}") = "006.RecordUniqueNames", "006.RecordUniqueNames\006.RecordUniqueNames.csproj", "{43F15312-BE25-48E7-93EF-3A81636C9459}"
EndProject
Project("{FAE04EC0-301F-11D3-BF4B-00C04F79EFBC}") = "007.ParkingLot", "007.ParkingLot\007.ParkingLot.csproj", "{965E2B05-9072-4654-AF79-507A3FC95246}"
EndProject
Project("{FAE04EC0-301F-11D3-BF4B-00C04F79EFBC}") = "008.SoftUniParty", "008.SoftUniParty\008.SoftUniParty.csproj", "{4436A216-2179-4860-8D3C-80D4CDFCA691}"
EndProject
Global
	GlobalSection(SolutionConfigurationPlatforms) = preSolution
		Debug|Any CPU = Debug|Any CPU
		Release|Any CPU = Release|Any CPU
	EndGlobalSection
	GlobalSection(ProjectConfigurationPlatforms) = postSolution
		{8AECB1C1-174B-4A24-BB09-030E17476E5E}.Debug|Any CPU.ActiveCfg = Debug|Any CPU
		{8AECB1C1-174B-4A24-BB09-030E17476E5E}.Debug|Any CPU.Build.0 = Debug|Any CPU
		{8AECB1C1-174B-4A24-BB09-030E17476E5E}.Release|Any CPU.ActiveCfg = Release|Any CPU
		{8AECB1C1-174B-4A24-BB09-030E17476E5E}.Release|Any CPU.Build.0 = Release|Any CPU
		{C9BE122A-548A-4929-B8E6-5F843AFC6484}.Debug|Any CPU.ActiveCfg = Debug|Any CPU
		{C9BE122A-548A-4929-B8E6-5F843AFC6484}.Debug|Any CPU.Build.0 = Debug|Any CPU
		{C9BE122A-548A-4929-B8E6-5F843AFC6484}.Release|Any CPU.ActiveCfg = Release|Any CPU
		{C9BE122A-548A-4929-B8E6-5F843AFC6484}.Release|Any CPU.Build.0 = Release|Any CPU
		{839C362B-D229-4AF4-B2DE-0551A17E3FE3}.Debug|Any CPU.ActiveCfg = Debug|Any CPU
		{839C362B-D229-4AF4-B2DE-0551A17E3FE3}.Debug|Any CPU.Build.0 = Debug|Any CPU
		{839C362B-D229-4AF4-B2DE-0551A17E3FE3}.Release|Any CPU.ActiveCfg = Release|Any CPU
		{839C362B-D229-4AF4-B2DE-0551A17E3FE3}.Release|Any CPU.Build.0 = Release|Any CPU
		{570F6B75-5CD7-4D9D-BE53-417393850A33}.Debug|Any CPU.ActiveCfg = Debug|Any CPU
		{570F6B75-5CD7-4D9D-BE53-417393850A33}.Debug|Any CPU.Build.0 = Debug|Any CPU
		{570F6B75-5CD7-4D9D-BE53-417393850A33}.Release|Any CPU.ActiveCfg = Release|Any CPU
		{570F6B75-5CD7-4D9D-BE53-417393850A33}.Release|Any CPU.Build.0 = Release|Any CPU
		{976A31D2-6A18-42A4-B62E-243A6BD1BFF4}.Debug|Any CPU.ActiveCfg = Debug|Any CPU
		{976A31D2-6A18-42A4-B62E-243A6BD1BFF4}.Debug|Any CPU.Build.0 = Debug|Any CPU
		{976A31D2-6A18-42A4-B62E-243A6BD1BFF4}.Release|Any CPU.ActiveCfg = Release|Any CPU
		{976A31D2-6A18-42A4-B62E-243A6BD1BFF4}.Release|Any CPU.Build.0 = Release|Any CPU
		{43F15312-BE25-48E7-93EF-3A81636C9459}.Debug|Any CPU.ActiveCfg = Debug|Any CPU
		{43F15312-BE25-48E7-93EF-3A81636C9459}.Debug|Any CPU.Build.0 = Debug|Any CPU
		{43F15312-BE25-48E7-93EF-3A81636C9459}.Release|Any CPU.ActiveCfg = Release|Any CPU
		{43F15312-BE25-48E7-93EF-3A81636C9459}.Release|Any CPU.Build.0 = Release|Any CPU
		{965E2B05-9072-4654-AF79-507A3FC95246}.Debug|Any CPU.ActiveCfg = Debug|Any CPU
		{965E2B05-9072-4654-AF79-507A3FC95246}.Debug|Any CPU.Build.0 = Debug|Any CPU
		{965E2B05-9072-4654-AF79-507A3FC95246}.Release|Any CPU.ActiveCfg = Release|Any CPU
		{965E2B05-9072-4654-AF79-507A3FC95246}.Release|Any CPU.Build.0 = Release|Any CPU
		{4436A216-2179-4860-8D3C-80D4CDFCA691}.Debug|Any CPU.ActiveCfg = Debug|Any CPU
		{4436A216-2179-4860-8D3C-80D4CDFCA691}.Debug|Any CPU.Build.0 = Debug|Any CPU
		{4436A216-2179-4860-8D3C-80D4CDFCA691}.Release|Any CPU.ActiveCfg = Release|Any CPU
		{4436A216-2179-4860-8D3C-80D4CDFCA691}.Release|Any CPU.Build.0 = Release|Any CPU
	EndGlobalSection
	GlobalSection(SolutionProperties) = preSolution
		HideSolutionNode = FALSE
	EndGlobalSection
	GlobalSection(ExtensibilityGlobals) = postSolution
		SolutionGuid = {06692EF3-81C5-41D6-A5E2-8016D453F875}
	EndGlobalSection
EndGlobal
